
Microsoft Visual Studio Solution File, Format Version 12.00
# Visual Studio 15
VisualStudioVersion = 15.0.27703.2018
MinimumVisualStudioVersion = 10.0.40219.1
Project("{888888A0-9F3D-457C-B088-3A5042F75D52}") = "FuzzyMatcher", "FuzzyMatcher.pyproj", "{A8238764-A8CB-424F-86DC-E83F877F023B}"
EndProject
Global
	GlobalSection(SolutionConfigurationPlatforms) = preSolution
		Debug|Any CPU = Debug|Any CPU
		Release|Any CPU = Release|Any CPU
	EndGlobalSection
	GlobalSection(ProjectConfigurationPlatforms) = postSolution
		{A8238764-A8CB-424F-86DC-E83F877F023B}.Debug|Any CPU.ActiveCfg = Debug|Any CPU
		{A8238764-A8CB-424F-86DC-E83F877F023B}.Release|Any CPU.ActiveCfg = Release|Any CPU
	EndGlobalSection
	GlobalSection(SolutionProperties) = preSolution
		HideSolutionNode = FALSE
	EndGlobalSection
	GlobalSection(ExtensibilityGlobals) = postSolution
		SolutionGuid = {CBA9A39D-E389-4F42-BEC6-AF848D6F3626}
	EndGlobalSection
EndGlobal
